github.com/JedBeom/go-mastodon v0.0.3 h1:pVqs+XqbnwOYOqIJ/x+D7vXEwLmXqmTjUP6Yjv6iSQc=
github.com/JedBeom/go-mastodon v0.0.3/go.mod h1:wxX/8pzyDgeIGxJdH9FnxhAJAWrDQckfYgcn+iSf5JM=
github.com/JedBeom/soup v1.1.0 h1:8YOTzSfRjkUPToqpV9fX8v0EOWmk3ZaC9gMdqN3p/NE=
github.com/JedBeom/soup v1.1.0/go.mod h1:UsZQoOhJ4of8X6ebjxSlCIEz5WaQsrCW75N9hnpvGBs=
github.com/gorilla/websocket v1.4.0 h1:WDFjx/TMzVgy9VdMMQi2K2Emtwi2QcUQsztZ/zLaH/Q=
github.com/gorilla/websocket v1.4.0/go.mod h1:E7qHFY5m1UJ88s3WnNqhKjPHQ0heANvMoAMk2YaljkQ=
github.com/tomnomnom/linkheader v0.0.0-20180905144013-02ca5825eb80 h1:nrZ3ySNYwJbSpD6ce9duiP+QkD3JuLCcWkdaehUS/3Y=
github.com/tomnomnom/linkheader v0.0.0-20180905144013-02ca5825eb80/go.mod h1:iFyPdL66DjUD96XmzVL3ZntbzcflLnznH0fr99w5VqE=
golang.org/x/net v0.0.0-20181217023233-e147a9138326 h1:iCzOf0xz39Tstp+Tu/WwyGjUXCk34QhQORRxBeXXTA4=
golang.org/x/net v0.0.0-20181217023233-e147a9138326/go.mod h1:mL1N/T3taQHkDXs73rZJwtUhF3w3ftmwwsq0BUmARs4=
